<?xml version="1.0" encoding="utf-8"?>
<Project ToolsVersion="4.0" xmlns="http://schemas.microsoft.com/developer/msbuild/2003">
  <ItemGroup>
    <Filter Include="Source Files">
      <UniqueIdentifier>{4FC737F1-C7A5-4376-A066-2A32D752A2FF}</UniqueIdentifier>
      <Extensions>cpp;c;cc;cxx;def;odl;idl;hpj;bat;asm;asmx</Extensions>
    </Filter>
    <Filter Include="Header Files">
      <UniqueIdentifier>{93995380-89BD-4b04-88EB-625FBE52EBFB}</UniqueIdentifier>
      <Extensions>h;hh;hpp;hxx;hm;inl;inc;ipp;xsd</Extensions>
    </Filter>
    <Filter Include="Resource Files">
      <UniqueIdentifier>{67DA6AB6-F800-4c08-8B7A-83BB121AAD01}</UniqueIdentifier>
      <Extensions>rc;ico;cur;bmp;dlg;rc2;rct;bin;rgs;gif;jpg;jpeg;jpe;resx;tiff;tif;png;wav;mfcribbon-ms</Extensions>
    </Filter>
    <Filter Include="Header Files\systems">
      <UniqueIdentifier>{1d3a29b0-c8c2-4936-b3cb-acee0f7cc178}</UniqueIdentifier>
    </Filter>
    <Filter Include="Source Files\systems">
      <UniqueIdentifier>{ee04a3a0-dbed-4d24-a414-57e587416d95}</UniqueIdentifier>
    </Filter>
    <Filter Include="Source Files\component">
      <UniqueIdentifier>{a05eef37-d91a-488f-a590-9e8bb77da090}</UniqueIdentifier>
    </Filter>
    <Filter Include="Header Files\component">
      <UniqueIdentifier>{ca6f150b-9625-4fbe-bbe5-34bd7d6e6224}</UniqueIdentifier>
    </Filter>
  </ItemGroup>
  <ItemGroup>
    <ClCompile Include="sfml_app.cpp">
      <Filter>Source Files</Filter>
    </ClCompile>
    <ClCompile Include="UserGame.cpp">
      <Filter>Source Files</Filter>
    </ClCompile>
    <ClCompile Include="Cell.cpp">
      <Filter>Source Files</Filter>
    </ClCompile>
    <ClCompile Include="Stack.cpp">
      <Filter>Source Files</Filter>
    </ClCompile>
    <ClCompile Include="AssetManager.cpp">
      <Filter>Source Files</Filter>
    </ClCompile>
    <ClCompile Include="Piece.cpp">
      <Filter>Source Files</Filter>
    </ClCompile>
    <ClCompile Include="AIGame.cpp">
      <Filter>Source Files</Filter>
    </ClCompile>
    <ClCompile Include="AI.cpp">
      <Filter>Source Files</Filter>
    </ClCompile>
    <ClCompile Include="AIprocessing.cpp">
      <Filter>Source Files</Filter>
    </ClCompile>
    <ClCompile Include="AIHeuristic.cpp">
      <Filter>Source Files</Filter>
    </ClCompile>
    <ClCompile Include="AIEvaluatorUtil.cpp">
      <Filter>Source Files</Filter>
    </ClCompile>
    <ClCompile Include="AIEvaluatorSystem.cpp">
      <Filter>Source Files\systems</Filter>
    </ClCompile>
    <ClCompile Include="AIMoveSystem.cpp">
      <Filter>Source Files\systems</Filter>
    </ClCompile>
    <ClCompile Include="AISpawnSystem.cpp">
      <Filter>Source Files\systems</Filter>
    </ClCompile>
    <ClCompile Include="AIControllerSystem.cpp">
      <Filter>Source Files\systems</Filter>
    </ClCompile>
    <ClCompile Include="AIEvaluatorComponent.cpp">
      <Filter>Source Files\component</Filter>
    </ClCompile>
    <ClCompile Include="AISpawnComponent.cpp">
      <Filter>Source Files\component</Filter>
    </ClCompile>
    <ClCompile Include="AIControllerComponent.cpp">
      <Filter>Source Files\component</Filter>
    </ClCompile>
  </ItemGroup>
  <ItemGroup>
    <ClInclude Include="UserGame.h">
      <Filter>Header Files</Filter>
    </ClInclude>
    <ClInclude Include="const.h">
      <Filter>Header Files</Filter>
    </ClInclude>
    <ClInclude Include="Cell.h">
      <Filter>Header Files</Filter>
    </ClInclude>
    <ClInclude Include="Stack.h">
      <Filter>Header Files</Filter>
    </ClInclude>
    <ClInclude Include="AssetManager.h">
      <Filter>Header Files</Filter>
    </ClInclude>
    <ClInclude Include="Piece.h">
      <Filter>Header Files</Filter>
    </ClInclude>
    <ClInclude Include="AIGame.h">
      <Filter>Header Files</Filter>
    </ClInclude>
    <ClInclude Include="AI.h">
      <Filter>Header Files</Filter>
    </ClInclude>
    <ClInclude Include="AIprocessing.h">
      <Filter>Header Files</Filter>
    </ClInclude>
    <ClInclude Include="AIHeuristic.h">
      <Filter>Header Files</Filter>
    </ClInclude>
    <ClInclude Include="AICommon.h">
      <Filter>Header Files</Filter>
    </ClInclude>
    <ClInclude Include="AIEvaluatorUtil.h">
      <Filter>Header Files</Filter>
    </ClInclude>
    <ClInclude Include="AIEvaluatorSystem.h">
      <Filter>Header Files\systems</Filter>
    </ClInclude>
    <ClInclude Include="AIMoveSystem.h">
      <Filter>Header Files\systems</Filter>
    </ClInclude>
    <ClInclude Include="AIControllerSystem.h">
      <Filter>Header Files\systems</Filter>
    </ClInclude>
    <ClInclude Include="AISpawnSystem.h">
      <Filter>Header Files\systems</Filter>
    </ClInclude>
    <ClInclude Include="AIEvaluatorComponent.h">
      <Filter>Header Files\component</Filter>
    </ClInclude>
    <ClInclude Include="AISpawnComponent.h">
      <Filter>Header Files\component</Filter>
    </ClInclude>
    <ClInclude Include="AIControllerComponent.h">
      <Filter>Header Files\component</Filter>
    </ClInclude>
  </ItemGroup>
  <ItemGroup>
    <Image Include="assets\blue.png">
      <Filter>Resource Files</Filter>
    </Image>
    <Image Include="assets\green.png">
      <Filter>Resource Files</Filter>
    </Image>
    <Image Include="assets\grey.png">
      <Filter>Resource Files</Filter>
    </Image>
    <Image Include="assets\orange.png">
      <Filter>Resource Files</Filter>
    </Image>
    <Image Include="assets\pink.png">
      <Filter>Resource Files</Filter>
    </Image>
    <Image Include="assets\purple.png">
      <Filter>Resource Files</Filter>
    </Image>
    <Image Include="assets\red.png">
      <Filter>Resource Files</Filter>
    </Image>
    <Image Include="assets\shadow.png">
      <Filter>Resource Files</Filter>
    </Image>
    <Image Include="assets\yellow.png">
      <Filter>Resource Files</Filter>
    </Image>
  </ItemGroup>
  <ItemGroup>
    <Font Include="font.ttf">
      <Filter>Resource Files</Filter>
    </Font>
  </ItemGroup>
</Project>